
Microsoft Visual Studio Solution File, Format Version 12.00
# Visual Studio Version 17
VisualStudioVersion = 17.7.34031.279
MinimumVisualStudioVersion = 10.0.40219.1
Project("{FAE04EC0-301F-11D3-BF4B-00C04F79EFBC}") = "DllLibrary", "DllLibrary\DllLibrary.csproj", "{BF3EF6E1-DF47-4038-B5E1-6D8F5C291C67}"
EndProject
Project("{FAE04EC0-301F-11D3-BF4B-00C04F79EFBC}") = "MainProgram", "MainProgram\MainProgram.csproj", "{BE59E67D-A3BB-498A-8624-C59F0CADD78E}"
EndProject
Global
	GlobalSection(SolutionConfigurationPlatforms) = preSolution
		Debug|Any CPU = Debug|Any CPU
		Release|Any CPU = Release|Any CPU
	EndGlobalSection
	GlobalSection(ProjectConfigurationPlatforms) = postSolution
		{BF3EF6E1-DF47-4038-B5E1-6D8F5C291C67}.Debug|Any CPU.ActiveCfg = Debug|Any CPU
		{BF3EF6E1-DF47-4038-B5E1-6D8F5C291C67}.Debug|Any CPU.Build.0 = Debug|Any CPU
		{BF3EF6E1-DF47-4038-B5E1-6D8F5C291C67}.Release|Any CPU.ActiveCfg = Release|Any CPU
		{BF3EF6E1-DF47-4038-B5E1-6D8F5C291C67}.Release|Any CPU.Build.0 = Release|Any CPU
		{BE59E67D-A3BB-498A-8624-C59F0CADD78E}.Debug|Any CPU.ActiveCfg = Debug|Any CPU
		{BE59E67D-A3BB-498A-8624-C59F0CADD78E}.Debug|Any CPU.Build.0 = Debug|Any CPU
		{BE59E67D-A3BB-498A-8624-C59F0CADD78E}.Release|Any CPU.ActiveCfg = Release|Any CPU
		{BE59E67D-A3BB-498A-8624-C59F0CADD78E}.Release|Any CPU.Build.0 = Release|Any CPU
	EndGlobalSection
	GlobalSection(SolutionProperties) = preSolution
		HideSolutionNode = FALSE
	EndGlobalSection
	GlobalSection(ExtensibilityGlobals) = postSolution
		SolutionGuid = {80516A5B-7122-450A-8242-646CB9C2D829}
	EndGlobalSection
EndGlobal
